
Microsoft Visual Studio Solution File, Format Version 12.00
# Visual Studio 2017
Project("{FAE04EC0-301F-11D3-BF4B-00C04F79EFBC}") = "Code.fun.do.Plugins", "Code.fun.do.Plugins.csproj", "{2B9FDCD7-A408-4883-75C0-3BA0BF2CB581}"
EndProject
Project("{FAE04EC0-301F-11D3-BF4B-00C04F79EFBC}") = "Code.fun.do", "Code.fun.do.csproj", "{651C52FE-75EB-1C21-12CB-0944068B0CE8}"
EndProject
Project("{FAE04EC0-301F-11D3-BF4B-00C04F79EFBC}") = "Code.fun.do.Editor.Plugins", "Code.fun.do.Editor.Plugins.csproj", "{C11169EC-0882-FB51-1333-7287A6E9F72B}"
EndProject
Project("{FAE04EC0-301F-11D3-BF4B-00C04F79EFBC}") = "Code.fun.do.Editor", "Code.fun.do.Editor.csproj", "{33E61F36-81D1-C2F5-4B0C-A708BA32A5A4}"
EndProject
Global
	GlobalSection(SolutionConfigurationPlatforms) = preSolution
		Debug|Any CPU = Debug|Any CPU
		Release|Any CPU = Release|Any CPU
	EndGlobalSection
	GlobalSection(ProjectConfigurationPlatforms) = postSolution
		{2B9FDCD7-A408-4883-75C0-3BA0BF2CB581}.Debug|Any CPU.ActiveCfg = Debug|Any CPU
		{2B9FDCD7-A408-4883-75C0-3BA0BF2CB581}.Debug|Any CPU.Build.0 = Debug|Any CPU
		{2B9FDCD7-A408-4883-75C0-3BA0BF2CB581}.Release|Any CPU.ActiveCfg = Release|Any CPU
		{2B9FDCD7-A408-4883-75C0-3BA0BF2CB581}.Release|Any CPU.Build.0 = Release|Any CPU
		{651C52FE-75EB-1C21-12CB-0944068B0CE8}.Debug|Any CPU.ActiveCfg = Debug|Any CPU
		{651C52FE-75EB-1C21-12CB-0944068B0CE8}.Debug|Any CPU.Build.0 = Debug|Any CPU
		{651C52FE-75EB-1C21-12CB-0944068B0CE8}.Release|Any CPU.ActiveCfg = Release|Any CPU
		{651C52FE-75EB-1C21-12CB-0944068B0CE8}.Release|Any CPU.Build.0 = Release|Any CPU
		{C11169EC-0882-FB51-1333-7287A6E9F72B}.Debug|Any CPU.ActiveCfg = Debug|Any CPU
		{C11169EC-0882-FB51-1333-7287A6E9F72B}.Debug|Any CPU.Build.0 = Debug|Any CPU
		{C11169EC-0882-FB51-1333-7287A6E9F72B}.Release|Any CPU.ActiveCfg = Release|Any CPU
		{C11169EC-0882-FB51-1333-7287A6E9F72B}.Release|Any CPU.Build.0 = Release|Any CPU
		{33E61F36-81D1-C2F5-4B0C-A708BA32A5A4}.Debug|Any CPU.ActiveCfg = Debug|Any CPU
		{33E61F36-81D1-C2F5-4B0C-A708BA32A5A4}.Debug|Any CPU.Build.0 = Debug|Any CPU
		{33E61F36-81D1-C2F5-4B0C-A708BA32A5A4}.Release|Any CPU.ActiveCfg = Release|Any CPU
		{33E61F36-81D1-C2F5-4B0C-A708BA32A5A4}.Release|Any CPU.Build.0 = Release|Any CPU
	EndGlobalSection
	GlobalSection(SolutionProperties) = preSolution
		HideSolutionNode = FALSE
	EndGlobalSection
EndGlobal
